// !$*UTF8*$!
{
	archiveVersion = 1;
	classes = {
	};
	objectVersion = 46;
	objects = {

/* Begin PBXBuildFile section */
		B9277D441CFD8615005464A1 /* main.m in Sources */ = {isa = PBXBuildFile; fileRef = B9277D431CFD8615005464A1 /* main.m */; };
		B9277D471CFD8615005464A1 /* AppDelegate.m in Sources */ = {isa = PBXBuildFile; fileRef = B9277D461CFD8615005464A1 /* AppDelegate.m */; };
		B9277D4D1CFD8615005464A1 /* Main.storyboard in Resources */ = {isa = PBXBuildFile; fileRef = B9277D4B1CFD8615005464A1 /* Main.storyboard */; };
		B9277D4F1CFD8615005464A1 /* Assets.xcassets in Resources */ = {isa = PBXBuildFile; fileRef = B9277D4E1CFD8615005464A1 /* Assets.xcassets */; };
		B9277D6D1CFD8892005464A1 /* libsqlite3.0.tbd in Frameworks */ = {isa = PBXBuildFile; fileRef = B9277D6B1CFD8892005464A1 /* libsqlite3.0.tbd */; };
		B9277D6E1CFD8892005464A1 /* libsqlite3.tbd in Frameworks */ = {isa = PBXBuildFile; fileRef = B9277D6C1CFD8892005464A1 /* libsqlite3.tbd */; };
		B9277D701CFD889C005464A1 /* libz.tbd in Frameworks */ = {isa = PBXBuildFile; fileRef = B9277D6F1CFD889C005464A1 /* libz.tbd */; };
		B9277D721CFD88A7005464A1 /* libc++.tbd in Frameworks */ = {isa = PBXBuildFile; fileRef = B9277D711CFD88A7005464A1 /* libc++.tbd */; };
		B9277D741CFD88AE005464A1 /* CoreMedia.framework in Frameworks */ = {isa = PBXBuildFile; fileRef = B9277D731CFD88AE005464A1 /* CoreMedia.framework */; };
		B9277D761CFD88B5005464A1 /* AudioToolbox.framework in Frameworks */ = {isa = PBXBuildFile; fileRef = B9277D751CFD88B5005464A1 /* AudioToolbox.framework */; };
		B9277D781CFD88BF005464A1 /* CoreText.framework in Frameworks */ = {isa = PBXBuildFile; fileRef = B9277D771CFD88BF005464A1 /* CoreText.framework */; };
		B9277D7A1CFD88C7005464A1 /* JavaScriptCore.framework in Frameworks */ = {isa = PBXBuildFile; fileRef = B9277D791CFD88C7005464A1 /* JavaScriptCore.framework */; };
		B9277D7C1CFD88D0005464A1 /* UIKit.framework in Frameworks */ = {isa = PBXBuildFile; fileRef = B9277D7B1CFD88D0005464A1 /* UIKit.framework */; };
		B9277D7E1CFD88D7005464A1 /* SystemConfiguration.framework in Frameworks */ = {isa = PBXBuildFile; fileRef = B9277D7D1CFD88D7005464A1 /* SystemConfiguration.framework */; };
		B9277D801CFD88F4005464A1 /* StoreKit.framework in Frameworks */ = {isa = PBXBuildFile; fileRef = B9277D7F1CFD88F4005464A1 /* StoreKit.framework */; };
		B9277D821CFD88FA005464A1 /* CoreGraphics.framework in Frameworks */ = {isa = PBXBuildFile; fileRef = B9277D811CFD88FA005464A1 /* CoreGraphics.framework */; };
		B9277D841CFD8904005464A1 /* AVFoundation.framework in Frameworks */ = {isa = PBXBuildFile; fileRef = B9277D831CFD8904005464A1 /* AVFoundation.framework */; };
		B9277D861CFD8909005464A1 /* AdSupport.framework in Frameworks */ = {isa = PBXBuildFile; fileRef = B9277D851CFD8909005464A1 /* AdSupport.framework */; };
		B94FD9521CFDAD9B00FAD594 /* MainViewController.m in Sources */ = {isa = PBXBuildFile; fileRef = B94FD9511CFDAD9B00FAD594 /* MainViewController.m */; };
		B94FD9571CFDADC800FAD594 /* MainView.m in Sources */ = {isa = PBXBuildFile; fileRef = B94FD9561CFDADC800FAD594 /* MainView.m */; };
/* End PBXBuildFile section */

/* Begin PBXFileReference section */
		B9277D3F1CFD8615005464A1 /* appodeal_tv_demo.app */ = {isa = PBXFileReference; explicitFileType = wrapper.application; includeInIndex = 0; path = appodeal_tv_demo.app; sourceTree = BUILT_PRODUCTS_DIR; };
		B9277D431CFD8615005464A1 /* main.m */ = {isa = PBXFileReference; lastKnownFileType = sourcecode.c.objc; path = main.m; sourceTree = "<group>"; };
		B9277D451CFD8615005464A1 /* AppDelegate.h */ = {isa = PBXFileReference; lastKnownFileType = sourcecode.c.h; path = AppDelegate.h; sourceTree = "<group>"; };
		B9277D461CFD8615005464A1 /* AppDelegate.m */ = {isa = PBXFileReference; lastKnownFileType = sourcecode.c.objc; path = AppDelegate.m; sourceTree = "<group>"; };
		B9277D4C1CFD8615005464A1 /* Base */ = {isa = PBXFileReference; lastKnownFileType = file.storyboard; name = Base; path = Base.lproj/Main.storyboard; sourceTree = "<group>"; };
		B9277D4E1CFD8615005464A1 /* Assets.xcassets */ = {isa = PBXFileReference; lastKnownFileType = folder.assetcatalog; path = Assets.xcassets; sourceTree = "<group>"; };
		B9277D501CFD8615005464A1 /* Info.plist */ = {isa = PBXFileReference; lastKnownFileType = text.plist.xml; path = Info.plist; sourceTree = "<group>"; };
		B9277D6B1CFD8892005464A1 /* libsqlite3.0.tbd */ = {isa = PBXFileReference; lastKnownFileType = "sourcecode.text-based-dylib-definition"; name = libsqlite3.0.tbd; path = usr/lib/libsqlite3.0.tbd; sourceTree = SDKROOT; };
		B9277D6C1CFD8892005464A1 /* libsqlite3.tbd */ = {isa = PBXFileReference; lastKnownFileType = "sourcecode.text-based-dylib-definition"; name = libsqlite3.tbd; path = usr/lib/libsqlite3.tbd; sourceTree = SDKROOT; };
		B9277D6F1CFD889C005464A1 /* libz.tbd */ = {isa = PBXFileReference; lastKnownFileType = "sourcecode.text-based-dylib-definition"; name = libz.tbd; path = usr/lib/libz.tbd; sourceTree = SDKROOT; };
		B9277D711CFD88A7005464A1 /* libc++.tbd */ = {isa = PBXFileReference; lastKnownFileType = "sourcecode.text-based-dylib-definition"; name = "libc++.tbd"; path = "usr/lib/libc++.tbd"; sourceTree = SDKROOT; };
		B9277D731CFD88AE005464A1 /* CoreMedia.framework */ = {isa = PBXFileReference; lastKnownFileType = wrapper.framework; name = CoreMedia.framework; path = System/Library/Frameworks/CoreMedia.framework; sourceTree = SDKROOT; };
		B9277D751CFD88B5005464A1 /* AudioToolbox.framework */ = {isa = PBXFileReference; lastKnownFileType = wrapper.framework; name = AudioToolbox.framework; path = System/Library/Frameworks/AudioToolbox.framework; sourceTree = SDKROOT; };
		B9277D771CFD88BF005464A1 /* CoreText.framework */ = {isa = PBXFileReference; lastKnownFileType = wrapper.framework; name = CoreText.framework; path = System/Library/Frameworks/CoreText.framework; sourceTree = SDKROOT; };
		B9277D791CFD88C7005464A1 /* JavaScriptCore.framework */ = {isa = PBXFileReference; lastKnownFileType = wrapper.framework; name = JavaScriptCore.framework; path = System/Library/Frameworks/JavaScriptCore.framework; sourceTree = SDKROOT; };
		B9277D7B1CFD88D0005464A1 /* UIKit.framework */ = {isa = PBXFileReference; lastKnownFileType = wrapper.framework; name = UIKit.framework; path = System/Library/Frameworks/UIKit.framework; sourceTree = SDKROOT; };
		B9277D7D1CFD88D7005464A1 /* SystemConfiguration.framework */ = {isa = PBXFileReference; lastKnownFileType = wrapper.framework; name = SystemConfiguration.framework; path = System/Library/Frameworks/SystemConfiguration.framework; sourceTree = SDKROOT; };
		B9277D7F1CFD88F4005464A1 /* StoreKit.framework */ = {isa = PBXFileReference; lastKnownFileType = wrapper.framework; name = StoreKit.framework; path = System/Library/Frameworks/StoreKit.framework; sourceTree = SDKROOT; };
		B9277D811CFD88FA005464A1 /* CoreGraphics.framework */ = {isa = PBXFileReference; lastKnownFileType = wrapper.framework; name = CoreGraphics.framework; path = System/Library/Frameworks/CoreGraphics.framework; sourceTree = SDKROOT; };
		B9277D831CFD8904005464A1 /* AVFoundation.framework */ = {isa = PBXFileReference; lastKnownFileType = wrapper.framework; name = AVFoundation.framework; path = System/Library/Frameworks/AVFoundation.framework; sourceTree = SDKROOT; };
		B9277D851CFD8909005464A1 /* AdSupport.framework */ = {isa = PBXFileReference; lastKnownFileType = wrapper.framework; name = AdSupport.framework; path = System/Library/Frameworks/AdSupport.framework; sourceTree = SDKROOT; };
		B94FD9501CFDAD9B00FAD594 /* MainViewController.h */ = {isa = PBXFileReference; fileEncoding = 4; lastKnownFileType = sourcecode.c.h; name = MainViewController.h; path = ViewControllers/MainViewController.h; sourceTree = "<group>"; };
		B94FD9511CFDAD9B00FAD594 /* MainViewController.m */ = {isa = PBXFileReference; fileEncoding = 4; lastKnownFileType = sourcecode.c.objc; name = MainViewController.m; path = ViewControllers/MainViewController.m; sourceTree = "<group>"; };
		B94FD9551CFDADC800FAD594 /* MainView.h */ = {isa = PBXFileReference; fileEncoding = 4; lastKnownFileType = sourcecode.c.h; name = MainView.h; path = ViewControllers/MainView.h; sourceTree = "<group>"; };
		B94FD9561CFDADC800FAD594 /* MainView.m */ = {isa = PBXFileReference; fileEncoding = 4; lastKnownFileType = sourcecode.c.objc; name = MainView.m; path = ViewControllers/MainView.m; sourceTree = "<group>"; };
/* End PBXFileReference section */

/* Begin PBXFrameworksBuildPhase section */
		B9277D3C1CFD8615005464A1 /* Frameworks */ = {
			isa = PBXFrameworksBuildPhase;
			buildActionMask = 2147483647;
			files = (
				B9277D861CFD8909005464A1 /* AdSupport.framework in Frameworks */,
				B9277D841CFD8904005464A1 /* AVFoundation.framework in Frameworks */,
				B9277D821CFD88FA005464A1 /* CoreGraphics.framework in Frameworks */,
				B9277D801CFD88F4005464A1 /* StoreKit.framework in Frameworks */,
				B9277D7E1CFD88D7005464A1 /* SystemConfiguration.framework in Frameworks */,
				B9277D7C1CFD88D0005464A1 /* UIKit.framework in Frameworks */,
				B9277D7A1CFD88C7005464A1 /* JavaScriptCore.framework in Frameworks */,
				B9277D781CFD88BF005464A1 /* CoreText.framework in Frameworks */,
				B9277D761CFD88B5005464A1 /* AudioToolbox.framework in Frameworks */,
				B9277D741CFD88AE005464A1 /* CoreMedia.framework in Frameworks */,
				B9277D721CFD88A7005464A1 /* libc++.tbd in Frameworks */,
				B9277D701CFD889C005464A1 /* libz.tbd in Frameworks */,
				B9277D6D1CFD8892005464A1 /* libsqlite3.0.tbd in Frameworks */,
				B9277D6E1CFD8892005464A1 /* libsqlite3.tbd in Frameworks */,
			);
			runOnlyForDeploymentPostprocessing = 0;
		};
/* End PBXFrameworksBuildPhase section */

/* Begin PBXGroup section */
		B9277D361CFD8615005464A1 = {
			isa = PBXGroup;
			children = (
				B9277D411CFD8615005464A1 /* appodeal_tv_demo */,
				B9277D401CFD8615005464A1 /* Products */,
				B9277D871CFD8997005464A1 /* Framework */,
			);
			sourceTree = "<group>";
		};
		B9277D401CFD8615005464A1 /* Products */ = {
			isa = PBXGroup;
			children = (
				B9277D3F1CFD8615005464A1 /* appodeal_tv_demo.app */,
			);
			name = Products;
			sourceTree = "<group>";
		};
		B9277D411CFD8615005464A1 /* appodeal_tv_demo */ = {
			isa = PBXGroup;
			children = (
				B94FD9531CFDADA000FAD594 /* ViewControllers */,
				B9277D421CFD8615005464A1 /* Supporting Files */,
			);
			path = appodeal_tv_demo;
			sourceTree = "<group>";
		};
		B9277D421CFD8615005464A1 /* Supporting Files */ = {
			isa = PBXGroup;
			children = (
				B9277D451CFD8615005464A1 /* AppDelegate.h */,
				B9277D461CFD8615005464A1 /* AppDelegate.m */,
				B9277D4B1CFD8615005464A1 /* Main.storyboard */,
				B9277D4E1CFD8615005464A1 /* Assets.xcassets */,
				B9277D501CFD8615005464A1 /* Info.plist */,
				B9277D431CFD8615005464A1 /* main.m */,
			);
			name = "Supporting Files";
			sourceTree = "<group>";
		};
		B9277D871CFD8997005464A1 /* Framework */ = {
			isa = PBXGroup;
			children = (
				B9277D851CFD8909005464A1 /* AdSupport.framework */,
				B9277D831CFD8904005464A1 /* AVFoundation.framework */,
				B9277D811CFD88FA005464A1 /* CoreGraphics.framework */,
				B9277D7F1CFD88F4005464A1 /* StoreKit.framework */,
				B9277D7D1CFD88D7005464A1 /* SystemConfiguration.framework */,
				B9277D7B1CFD88D0005464A1 /* UIKit.framework */,
				B9277D791CFD88C7005464A1 /* JavaScriptCore.framework */,
				B9277D771CFD88BF005464A1 /* CoreText.framework */,
				B9277D751CFD88B5005464A1 /* AudioToolbox.framework */,
				B9277D731CFD88AE005464A1 /* CoreMedia.framework */,
				B9277D711CFD88A7005464A1 /* libc++.tbd */,
				B9277D6F1CFD889C005464A1 /* libz.tbd */,
				B9277D6B1CFD8892005464A1 /* libsqlite3.0.tbd */,
				B9277D6C1CFD8892005464A1 /* libsqlite3.tbd */,
			);
			name = Framework;
			sourceTree = "<group>";
		};
		B94FD9531CFDADA000FAD594 /* ViewControllers */ = {
			isa = PBXGroup;
			children = (
				B94FD9541CFDADA900FAD594 /* MainViewController */,
			);
			name = ViewControllers;
			sourceTree = "<group>";
		};
		B94FD9541CFDADA900FAD594 /* MainViewController */ = {
			isa = PBXGroup;
			children = (
				B94FD9581CFDADD100FAD594 /* MainView */,
				B94FD9501CFDAD9B00FAD594 /* MainViewController.h */,
				B94FD9511CFDAD9B00FAD594 /* MainViewController.m */,
			);
			name = MainViewController;
			sourceTree = "<group>";
		};
		B94FD9581CFDADD100FAD594 /* MainView */ = {
			isa = PBXGroup;
			children = (
				B94FD9551CFDADC800FAD594 /* MainView.h */,
				B94FD9561CFDADC800FAD594 /* MainView.m */,
			);
			name = MainView;
			sourceTree = "<group>";
		};
/* End PBXGroup section */

/* Begin PBXNativeTarget section */
		B9277D3E1CFD8615005464A1 /* appodeal_tv_demo */ = {
			isa = PBXNativeTarget;
			buildConfigurationList = B9277D531CFD8615005464A1 /* Build configuration list for PBXNativeTarget "appodeal_tv_demo" */;
			buildPhases = (
				B9277D3B1CFD8615005464A1 /* Sources */,
				B9277D3C1CFD8615005464A1 /* Frameworks */,
				B9277D3D1CFD8615005464A1 /* Resources */,
			);
			buildRules = (
			);
			dependencies = (
			);
			name = appodeal_tv_demo;
			productName = appodeal_tv_demo;
			productReference = B9277D3F1CFD8615005464A1 /* appodeal_tv_demo.app */;
			productType = "com.apple.product-type.application";
		};
/* End PBXNativeTarget section */

/* Begin PBXProject section */
		B9277D371CFD8615005464A1 /* Project object */ = {
			isa = PBXProject;
			attributes = {
				LastUpgradeCheck = 0730;
				ORGANIZATIONNAME = "Lozhkin Ilya";
				TargetAttributes = {
					B9277D3E1CFD8615005464A1 = {
						CreatedOnToolsVersion = 7.3;
					};
				};
			};
			buildConfigurationList = B9277D3A1CFD8615005464A1 /* Build configuration list for PBXProject "appodeal_tv_demo" */;
			compatibilityVersion = "Xcode 3.2";
			developmentRegion = English;
			hasScannedForEncodings = 0;
			knownRegions = (
				en,
				Base,
			);
			mainGroup = B9277D361CFD8615005464A1;
			productRefGroup = B9277D401CFD8615005464A1 /* Products */;
			projectDirPath = "";
			projectRoot = "";
			targets = (
				B9277D3E1CFD8615005464A1 /* appodeal_tv_demo */,
			);
		};
/* End PBXProject section */

/* Begin PBXResourcesBuildPhase section */
		B9277D3D1CFD8615005464A1 /* Resources */ = {
			isa = PBXResourcesBuildPhase;
			buildActionMask = 2147483647;
			files = (
				B9277D4F1CFD8615005464A1 /* Assets.xcassets in Resources */,
				B9277D4D1CFD8615005464A1 /* Main.storyboard in Resources */,
			);
			runOnlyForDeploymentPostprocessing = 0;
		};
/* End PBXResourcesBuildPhase section */

/* Begin PBXSourcesBuildPhase section */
		B9277D3B1CFD8615005464A1 /* Sources */ = {
			isa = PBXSourcesBuildPhase;
			buildActionMask = 2147483647;
			files = (
				B9277D471CFD8615005464A1 /* AppDelegate.m in Sources */,
				B94FD9571CFDADC800FAD594 /* MainView.m in Sources */,
				B94FD9521CFDAD9B00FAD594 /* MainViewController.m in Sources */,
				B9277D441CFD8615005464A1 /* main.m in Sources */,
			);
			runOnlyForDeploymentPostprocessing = 0;
		};
/* End PBXSourcesBuildPhase section */

/* Begin PBXVariantGroup section */
		B9277D4B1CFD8615005464A1 /* Main.storyboard */ = {
			isa = PBXVariantGroup;
			children = (
				B9277D4C1CFD8615005464A1 /* Base */,
			);
			name = Main.storyboard;
			sourceTree = "<group>";
		};
/* End PBXVariantGroup section */

/* Begin XCBuildConfiguration section */
		B9277D511CFD8615005464A1 /* Debug */ = {
			isa = XCBuildConfiguration;
			buildSettings = {
				ALWAYS_SEARCH_USER_PATHS = NO;
				CLANG_ANALYZER_NONNULL = YES;
				CLANG_CXX_LANGUAGE_STANDARD = "gnu++0x";
				CLANG_CXX_LIBRARY = "libc++";
				CLANG_ENABLE_MODULES = YES;
				CLANG_ENABLE_OBJC_ARC = YES;
				CLANG_WARN_BOOL_CONVERSION = YES;
				CLANG_WARN_CONSTANT_CONVERSION = YES;
				CLANG_WARN_DIRECT_OBJC_ISA_USAGE = YES_ERROR;
				CLANG_WARN_EMPTY_BODY = YES;
				CLANG_WARN_ENUM_CONVERSION = YES;
				CLANG_WARN_INT_CONVERSION = YES;
				CLANG_WARN_OBJC_ROOT_CLASS = YES_ERROR;
				CLANG_WARN_UNREACHABLE_CODE = YES;
				CLANG_WARN__DUPLICATE_METHOD_MATCH = YES;
				COPY_PHASE_STRIP = NO;
				DEBUG_INFORMATION_FORMAT = dwarf;
				ENABLE_STRICT_OBJC_MSGSEND = YES;
				ENABLE_TESTABILITY = YES;
				GCC_C_LANGUAGE_STANDARD = gnu99;
				GCC_DYNAMIC_NO_PIC = NO;
				GCC_NO_COMMON_BLOCKS = YES;
				GCC_OPTIMIZATION_LEVEL = 0;
				GCC_PREPROCESSOR_DEFINITIONS = (
					"DEBUG=1",
					"$(inherited)",
				);
				GCC_WARN_64_TO_32_BIT_CONVERSION = YES;
				GCC_WARN_ABOUT_RETURN_TYPE = YES_ERROR;
				GCC_WARN_UNDECLARED_SELECTOR = YES;
				GCC_WARN_UNINITIALIZED_AUTOS = YES_AGGRESSIVE;
				GCC_WARN_UNUSED_FUNCTION = YES;
				GCC_WARN_UNUSED_VARIABLE = YES;
				MTL_ENABLE_DEBUG_INFO = YES;
				ONLY_ACTIVE_ARCH = YES;
				SDKROOT = appletvos;
				TARGETED_DEVICE_FAMILY = 3;
				TVOS_DEPLOYMENT_TARGET = 9.2;
			};
			name = Debug;
		};
		B9277D521CFD8615005464A1 /* Release */ = {
			isa = XCBuildConfiguration;
			buildSettings = {
				ALWAYS_SEARCH_USER_PATHS = NO;
				CLANG_ANALYZER_NONNULL = YES;
				CLANG_CXX_LANGUAGE_STANDARD = "gnu++0x";
				CLANG_CXX_LIBRARY = "libc++";
				CLANG_ENABLE_MODULES = YES;
				CLANG_ENABLE_OBJC_ARC = YES;
				CLANG_WARN_BOOL_CONVERSION = YES;
				CLANG_WARN_CONSTANT_CONVERSION = YES;
				CLANG_WARN_DIRECT_OBJC_ISA_USAGE = YES_ERROR;
				CLANG_WARN_EMPTY_BODY = YES;
				CLANG_WARN_ENUM_CONVERSION = YES;
				CLANG_WARN_INT_CONVERSION = YES;
				CLANG_WARN_OBJC_ROOT_CLASS = YES_ERROR;
				CLANG_WARN_UNREACHABLE_CODE = YES;
				CLANG_WARN__DUPLICATE_METHOD_MATCH = YES;
				COPY_PHASE_STRIP = NO;
				DEBUG_INFORMATION_FORMAT = "dwarf-with-dsym";
				ENABLE_NS_ASSERTIONS = NO;
				ENABLE_STRICT_OBJC_MSGSEND = YES;
				GCC_C_LANGUAGE_STANDARD = gnu99;
				GCC_NO_COMMON_BLOCKS = YES;
				GCC_WARN_64_TO_32_BIT_CONVERSION = YES;
				GCC_WARN_ABOUT_RETURN_TYPE = YES_ERROR;
				GCC_WARN_UNDECLARED_SELECTOR = YES;
				GCC_WARN_UNINITIALIZED_AUTOS = YES_AGGRESSIVE;
				GCC_WARN_UNUSED_FUNCTION = YES;
				GCC_WARN_UNUSED_VARIABLE = YES;
				MTL_ENABLE_DEBUG_INFO = NO;
				SDKROOT = appletvos;
				TARGETED_DEVICE_FAMILY = 3;
				TVOS_DEPLOYMENT_TARGET = 9.2;
				VALIDATE_PRODUCT = YES;
			};
			name = Release;
		};
		B9277D541CFD8615005464A1 /* Debug */ = {
			isa = XCBuildConfiguration;
			buildSettings = {
				ASSETCATALOG_COMPILER_APPICON_NAME = "App Icon & Top Shelf Image";
				ASSETCATALOG_COMPILER_LAUNCHIMAGE_NAME = LaunchImage;
				FRAMEWORK_SEARCH_PATHS = (
					"$(inherited)",
					"$(PROJECT_DIR)",
				);
				INFOPLIST_FILE = appodeal_tv_demo/Info.plist;
				LD_RUNPATH_SEARCH_PATHS = "$(inherited) @executable_path/Frameworks";
				OTHER_LDFLAGS = "-ObjC";
				PRODUCT_BUNDLE_IDENTIFIER = com.appodeal.appletv.sandbox1;
				PRODUCT_NAME = "$(TARGET_NAME)";
				TVOS_DEPLOYMENT_TARGET = 9.0;
			};
			name = Debug;
		};
		B9277D551CFD8615005464A1 /* Release */ = {
			isa = XCBuildConfiguration;
			buildSettings = {
				ASSETCATALOG_COMPILER_APPICON_NAME = "App Icon & Top Shelf Image";
				ASSETCATALOG_COMPILER_LAUNCHIMAGE_NAME = LaunchImage;
				FRAMEWORK_SEARCH_PATHS = (
					"$(inherited)",
					"$(PROJECT_DIR)",
				);
				INFOPLIST_FILE = appodeal_tv_demo/Info.plist;
				LD_RUNPATH_SEARCH_PATHS = "$(inherited) @executable_path/Frameworks";
				OTHER_LDFLAGS = "-ObjC";
				PRODUCT_BUNDLE_IDENTIFIER = com.appodeal.appletv.sandbox1;
				PRODUCT_NAME = "$(TARGET_NAME)";
				TVOS_DEPLOYMENT_TARGET = 9.0;
			};
			name = Release;
		};
/* End XCBuildConfiguration section */

/* Begin XCConfigurationList section */
		B9277D3A1CFD8615005464A1 /* Build configuration list for PBXProject "appodeal_tv_demo" */ = {
			isa = XCConfigurationList;
			buildConfigurations = (
				B9277D511CFD8615005464A1 /* Debug */,
				B9277D521CFD8615005464A1 /* Release */,
			);
			defaultConfigurationIsVisible = 0;
			defaultConfigurationName = Release;
		};
		B9277D531CFD8615005464A1 /* Build configuration list for PBXNativeTarget "appodeal_tv_demo" */ = {
			isa = XCConfigurationList;
			buildConfigurations = (
				B9277D541CFD8615005464A1 /* Debug */,
				B9277D551CFD8615005464A1 /* Release */,
			);
			defaultConfigurationIsVisible = 0;
			defaultConfigurationName = Release;
		};
/* End XCConfigurationList section */
	};
	rootObject = B9277D371CFD8615005464A1 /* Project object */;
}
